
Microsoft Visual Studio Solution File, Format Version 12.00
Project("{FAE04EC0-301F-11D3-BF4B-00C04F79EFBC}") = "TestDeployApp", "TestDeployApp\TestDeployApp.csproj", "{B7A2592A-A860-4AF7-88B6-0C6B8FA30AFF}"
EndProject
Global
	GlobalSection(SolutionConfigurationPlatforms) = preSolution
		Debug|Any CPU = Debug|Any CPU
		Release|Any CPU = Release|Any CPU
	EndGlobalSection
	GlobalSection(ProjectConfigurationPlatforms) = postSolution
		{B7A2592A-A860-4AF7-88B6-0C6B8FA30AFF}.Debug|Any CPU.ActiveCfg = Debug|Any CPU
		{B7A2592A-A860-4AF7-88B6-0C6B8FA30AFF}.Debug|Any CPU.Build.0 = Debug|Any CPU
		{B7A2592A-A860-4AF7-88B6-0C6B8FA30AFF}.Release|Any CPU.ActiveCfg = Release|Any CPU
		{B7A2592A-A860-4AF7-88B6-0C6B8FA30AFF}.Release|Any CPU.Build.0 = Release|Any CPU
	EndGlobalSection
EndGlobal
